// !$*UTF8*$!
{
	archiveVersion = 1;
	classes = {
	};
	objectVersion = 46;
	objects = {

/* Begin PBXBuildFile section */
		B504649917CAFCBE00202E5A /* WonderMovieInfoView.m in Sources */ = {isa = PBXBuildFile; fileRef = B504649817CAFCBE00202E5A /* WonderMovieInfoView.m */; };
		B517773817B36D44006B948E /* UIKit.framework in Frameworks */ = {isa = PBXBuildFile; fileRef = B517773717B36D44006B948E /* UIKit.framework */; };
		B517773A17B36D44006B948E /* Foundation.framework in Frameworks */ = {isa = PBXBuildFile; fileRef = B517773917B36D44006B948E /* Foundation.framework */; };
		B517773C17B36D44006B948E /* CoreGraphics.framework in Frameworks */ = {isa = PBXBuildFile; fileRef = B517773B17B36D44006B948E /* CoreGraphics.framework */; };
		B517774217B36D44006B948E /* InfoPlist.strings in Resources */ = {isa = PBXBuildFile; fileRef = B517774017B36D44006B948E /* InfoPlist.strings */; };
		B517774417B36D44006B948E /* main.m in Sources */ = {isa = PBXBuildFile; fileRef = B517774317B36D44006B948E /* main.m */; };
		B517774817B36D44006B948E /* AppDelegate.m in Sources */ = {isa = PBXBuildFile; fileRef = B517774717B36D44006B948E /* AppDelegate.m */; };
		B517774A17B36D44006B948E /* Default.png in Resources */ = {isa = PBXBuildFile; fileRef = B517774917B36D44006B948E /* Default.png */; };
		B517774C17B36D44006B948E /* Default@2x.png in Resources */ = {isa = PBXBuildFile; fileRef = B517774B17B36D44006B948E /* Default@2x.png */; };
		B517774E17B36D44006B948E /* Default-568h@2x.png in Resources */ = {isa = PBXBuildFile; fileRef = B517774D17B36D44006B948E /* Default-568h@2x.png */; };
		B517775117B36D44006B948E /* ViewController.m in Sources */ = {isa = PBXBuildFile; fileRef = B517775017B36D44006B948E /* ViewController.m */; };
		B517775417B36D44006B948E /* ViewController.xib in Resources */ = {isa = PBXBuildFile; fileRef = B517775217B36D44006B948E /* ViewController.xib */; };
		B517775D17B36E6B006B948E /* WonderMPMoiveViewController.m in Sources */ = {isa = PBXBuildFile; fileRef = B517775C17B36E6B006B948E /* WonderMPMoiveViewController.m */; };
		B517776117B3787D006B948E /* WonderMovieFullscreenControlView.m in Sources */ = {isa = PBXBuildFile; fileRef = B517776017B3787C006B948E /* WonderMovieFullscreenControlView.m */; };
		B517776717B37F44006B948E /* WonderMovieProgressView.m in Sources */ = {isa = PBXBuildFile; fileRef = B517776617B37F44006B948E /* WonderMovieProgressView.m */; };
		B517776A17B37FEB006B948E /* UIView+Sizes.m in Sources */ = {isa = PBXBuildFile; fileRef = B517776917B37FEB006B948E /* UIView+Sizes.m */; };
		B517776D17B3939C006B948E /* MoviePlayerUserPrefs.m in Sources */ = {isa = PBXBuildFile; fileRef = B517776C17B3939B006B948E /* MoviePlayerUserPrefs.m */; };
		B517777117B3960E006B948E /* Movie.m4v in Resources */ = {isa = PBXBuildFile; fileRef = B517777017B3960E006B948E /* Movie.m4v */; };
		B517777317B3961C006B948E /* Settings.bundle in Resources */ = {isa = PBXBuildFile; fileRef = B517777217B3961C006B948E /* Settings.bundle */; };
		B517777517B39C1F006B948E /* MediaPlayer.framework in Frameworks */ = {isa = PBXBuildFile; fileRef = B517777417B39C1F006B948E /* MediaPlayer.framework */; };
		B51778AF17B9DE32006B948E /* TestWebViewController.m in Sources */ = {isa = PBXBuildFile; fileRef = B51778AD17B9DE2F006B948E /* TestWebViewController.m */; };
		B51778B017B9DE32006B948E /* TestWebViewController.xib in Resources */ = {isa = PBXBuildFile; fileRef = B51778AE17B9DE30006B948E /* TestWebViewController.xib */; };
		B51778FA17BA3880006B948E /* videoplayer_battery_bg@2x.png in Resources */ = {isa = PBXBuildFile; fileRef = B51778E017BA3880006B948E /* videoplayer_battery_bg@2x.png */; };
		B51778FB17BA3880006B948E /* videoplayer_battery_electricity@2x.png in Resources */ = {isa = PBXBuildFile; fileRef = B51778E117BA3880006B948E /* videoplayer_battery_electricity@2x.png */; };
		B51778FC17BA3880006B948E /* videoplayer_download@2x.png in Resources */ = {isa = PBXBuildFile; fileRef = B51778E217BA3880006B948E /* videoplayer_download@2x.png */; };
		B51778FD17BA3880006B948E /* videoplayer_download_bg@2x.png in Resources */ = {isa = PBXBuildFile; fileRef = B51778E317BA3880006B948E /* videoplayer_download_bg@2x.png */; };
		B51778FE17BA3880006B948E /* videoplayer_download_fg@2x.png in Resources */ = {isa = PBXBuildFile; fileRef = B51778E417BA3880006B948E /* videoplayer_download_fg@2x.png */; };
		B51778FF17BA3880006B948E /* videoplayer_downloaded@2x.png in Resources */ = {isa = PBXBuildFile; fileRef = B51778E517BA3880006B948E /* videoplayer_downloaded@2x.png */; };
		B517790017BA3880006B948E /* videoplayer_headerbar@2x.png in Resources */ = {isa = PBXBuildFile; fileRef = B51778E617BA3880006B948E /* videoplayer_headerbar@2x.png */; };
		B517790117BA3880006B948E /* videoplayer_headerbar_separator@2x.png in Resources */ = {isa = PBXBuildFile; fileRef = B51778E717BA3880006B948E /* videoplayer_headerbar_separator@2x.png */; };
		B517790217BA3880006B948E /* videoplayer_loading@2x.png in Resources */ = {isa = PBXBuildFile; fileRef = B51778E817BA3880006B948E /* videoplayer_loading@2x.png */; };
		B517790317BA3880006B948E /* videoplayer_loading_bg@2x.png in Resources */ = {isa = PBXBuildFile; fileRef = B51778E917BA3880006B948E /* videoplayer_loading_bg@2x.png */; };
		B517790417BA3880006B948E /* videoplayer_locked@2x.png in Resources */ = {isa = PBXBuildFile; fileRef = B51778EA17BA3880006B948E /* videoplayer_locked@2x.png */; };
		B517790517BA3880006B948E /* videoplayer_next_normal@2x.png in Resources */ = {isa = PBXBuildFile; fileRef = B51778EB17BA3880006B948E /* videoplayer_next_normal@2x.png */; };
		B517790617BA3880006B948E /* videoplayer_pause_normal@2x.png in Resources */ = {isa = PBXBuildFile; fileRef = B51778EC17BA3880006B948E /* videoplayer_pause_normal@2x.png */; };
		B517790717BA3880006B948E /* videoplayer_pause_press@2x.png in Resources */ = {isa = PBXBuildFile; fileRef = B51778ED17BA3880006B948E /* videoplayer_pause_press@2x.png */; };
		B517790817BA3880006B948E /* videoplayer_play@2x.png in Resources */ = {isa = PBXBuildFile; fileRef = B51778EE17BA3880006B948E /* videoplayer_play@2x.png */; };
		B517790917BA3880006B948E /* videoplayer_play_normal@2x.png in Resources */ = {isa = PBXBuildFile; fileRef = B51778EF17BA3880006B948E /* videoplayer_play_normal@2x.png */; };
		B517790A17BA3880006B948E /* videoplayer_play_press@2x.png in Resources */ = {isa = PBXBuildFile; fileRef = B51778F017BA3880006B948E /* videoplayer_play_press@2x.png */; };
		B517790B17BA3880006B948E /* videoplayer_progressbar_bottom@2x.png in Resources */ = {isa = PBXBuildFile; fileRef = B51778F117BA3880006B948E /* videoplayer_progressbar_bottom@2x.png */; };
		B517790C17BA3880006B948E /* videoplayer_progressbar_cache@2x.png in Resources */ = {isa = PBXBuildFile; fileRef = B51778F217BA3880006B948E /* videoplayer_progressbar_cache@2x.png */; };
		B517790D17BA3880006B948E /* videoplayer_progressbar_indicator_normal@2x.png in Resources */ = {isa = PBXBuildFile; fileRef = B51778F317BA3880006B948E /* videoplayer_progressbar_indicator_normal@2x.png */; };
		B517790E17BA3880006B948E /* videoplayer_progressbar_indicator_press@2x.png in Resources */ = {isa = PBXBuildFile; fileRef = B51778F417BA3880006B948E /* videoplayer_progressbar_indicator_press@2x.png */; };
		B517790F17BA3880006B948E /* videoplayer_progressbar_top@2x.png in Resources */ = {isa = PBXBuildFile; fileRef = B51778F517BA3880006B948E /* videoplayer_progressbar_top@2x.png */; };
		B517791017BA3880006B948E /* videoplayer_replay@2x.png in Resources */ = {isa = PBXBuildFile; fileRef = B51778F617BA3880006B948E /* videoplayer_replay@2x.png */; };
		B517791117BA3880006B948E /* videoplayer_return@2x.png in Resources */ = {isa = PBXBuildFile; fileRef = B51778F717BA3880006B948E /* videoplayer_return@2x.png */; };
		B517791217BA3880006B948E /* videoplayer_toolbar@2x.png in Resources */ = {isa = PBXBuildFile; fileRef = B51778F817BA3880006B948E /* videoplayer_toolbar@2x.png */; };
		B517791317BA3880006B948E /* videoplayer_unlock@2x.png in Resources */ = {isa = PBXBuildFile; fileRef = B51778F917BA3880006B948E /* videoplayer_unlock@2x.png */; };
		B517791617BB1E81006B948E /* BatteryIconView.m in Sources */ = {isa = PBXBuildFile; fileRef = B517791517BB1E7F006B948E /* BatteryIconView.m */; };
		B517791817BB485B006B948E /* QuartzCore.framework in Frameworks */ = {isa = PBXBuildFile; fileRef = B517791717BB485B006B948E /* QuartzCore.framework */; };
		B517791B17BE0059006B948E /* WonderAVMovieViewController.m in Sources */ = {isa = PBXBuildFile; fileRef = B517791A17BE004F006B948E /* WonderAVMovieViewController.m */; };
		B517791E17BE0098006B948E /* WonderAVPlayerView.m in Sources */ = {isa = PBXBuildFile; fileRef = B517791D17BE0096006B948E /* WonderAVPlayerView.m */; };
		B517792017C1AF7F006B948E /* AVFoundation.framework in Frameworks */ = {isa = PBXBuildFile; fileRef = B517791F17C1AF7E006B948E /* AVFoundation.framework */; };
		B517792217C1AFB6006B948E /* CoreMedia.framework in Frameworks */ = {isa = PBXBuildFile; fileRef = B517792117C1AFB5006B948E /* CoreMedia.framework */; };
		B517792517C1B896006B948E /* NSNotificationCenter+SwizzleMethod.m in Sources */ = {isa = PBXBuildFile; fileRef = B517792417C1B894006B948E /* NSNotificationCenter+SwizzleMethod.m */; };
		B517793017C20905006B948E /* videoplay.html in Resources */ = {isa = PBXBuildFile; fileRef = B517792F17C20904006B948E /* videoplay.html */; };
		B517795217C21AD1006B948E /* RegexKitLite.m in Sources */ = {isa = PBXBuildFile; fileRef = B517795117C21ACF006B948E /* RegexKitLite.m */; };
		B517795417C21B59006B948E /* CoreFoundation.framework in Frameworks */ = {isa = PBXBuildFile; fileRef = B517795317C21B58006B948E /* CoreFoundation.framework */; };
		B517795617C21BD7006B948E /* libicucore.dylib in Frameworks */ = {isa = PBXBuildFile; fileRef = B517795517C21BD6006B948E /* libicucore.dylib */; };
		B517795817C61383006B948E /* videoplayer_cross_screen@2x.png in Resources */ = {isa = PBXBuildFile; fileRef = B517795717C61383006B948E /* videoplayer_cross_screen@2x.png */; };
/* End PBXBuildFile section */

/* Begin PBXFileReference section */
		B504649717CAFCBE00202E5A /* WonderMovieInfoView.h */ = {isa = PBXFileReference; fileEncoding = 4; lastKnownFileType = sourcecode.c.h; path = WonderMovieInfoView.h; sourceTree = "<group>"; };
		B504649817CAFCBE00202E5A /* WonderMovieInfoView.m */ = {isa = PBXFileReference; fileEncoding = 4; lastKnownFileType = sourcecode.c.objc; path = WonderMovieInfoView.m; sourceTree = "<group>"; };
		B517773417B36D44006B948E /* WonderMoviePlayer.app */ = {isa = PBXFileReference; explicitFileType = wrapper.application; includeInIndex = 0; path = WonderMoviePlayer.app; sourceTree = BUILT_PRODUCTS_DIR; };
		B517773717B36D44006B948E /* UIKit.framework */ = {isa = PBXFileReference; lastKnownFileType = wrapper.framework; name = UIKit.framework; path = System/Library/Frameworks/UIKit.framework; sourceTree = SDKROOT; };
		B517773917B36D44006B948E /* Foundation.framework */ = {isa = PBXFileReference; lastKnownFileType = wrapper.framework; name = Foundation.framework; path = System/Library/Frameworks/Foundation.framework; sourceTree = SDKROOT; };
		B517773B17B36D44006B948E /* CoreGraphics.framework */ = {isa = PBXFileReference; lastKnownFileType = wrapper.framework; name = CoreGraphics.framework; path = System/Library/Frameworks/CoreGraphics.framework; sourceTree = SDKROOT; };
		B517773F17B36D44006B948E /* WonderMoviePlayer-Info.plist */ = {isa = PBXFileReference; lastKnownFileType = text.plist.xml; path = "WonderMoviePlayer-Info.plist"; sourceTree = "<group>"; };
		B517774117B36D44006B948E /* en */ = {isa = PBXFileReference; lastKnownFileType = text.plist.strings; name = en; path = en.lproj/InfoPlist.strings; sourceTree = "<group>"; };
		B517774317B36D44006B948E /* main.m */ = {isa = PBXFileReference; lastKnownFileType = sourcecode.c.objc; path = main.m; sourceTree = "<group>"; };
		B517774517B36D44006B948E /* WonderMoviePlayer-Prefix.pch */ = {isa = PBXFileReference; lastKnownFileType = sourcecode.c.h; path = "WonderMoviePlayer-Prefix.pch"; sourceTree = "<group>"; };
		B517774617B36D44006B948E /* AppDelegate.h */ = {isa = PBXFileReference; lastKnownFileType = sourcecode.c.h; path = AppDelegate.h; sourceTree = "<group>"; };
		B517774717B36D44006B948E /* AppDelegate.m */ = {isa = PBXFileReference; lastKnownFileType = sourcecode.c.objc; path = AppDelegate.m; sourceTree = "<group>"; };
		B517774917B36D44006B948E /* Default.png */ = {isa = PBXFileReference; lastKnownFileType = image.png; path = Default.png; sourceTree = "<group>"; };
		B517774B17B36D44006B948E /* Default@2x.png */ = {isa = PBXFileReference; lastKnownFileType = image.png; path = "Default@2x.png"; sourceTree = "<group>"; };
		B517774D17B36D44006B948E /* Default-568h@2x.png */ = {isa = PBXFileReference; lastKnownFileType = image.png; path = "Default-568h@2x.png"; sourceTree = "<group>"; };
		B517774F17B36D44006B948E /* ViewController.h */ = {isa = PBXFileReference; lastKnownFileType = sourcecode.c.h; path = ViewController.h; sourceTree = "<group>"; };
		B517775017B36D44006B948E /* ViewController.m */ = {isa = PBXFileReference; lastKnownFileType = sourcecode.c.objc; path = ViewController.m; sourceTree = "<group>"; };
		B517775317B36D44006B948E /* en */ = {isa = PBXFileReference; lastKnownFileType = file.xib; name = en; path = en.lproj/ViewController.xib; sourceTree = "<group>"; };
		B517775B17B36E6B006B948E /* WonderMPMoiveViewController.h */ = {isa = PBXFileReference; fileEncoding = 4; lastKnownFileType = sourcecode.c.h; path = WonderMPMoiveViewController.h; sourceTree = "<group>"; };
		B517775C17B36E6B006B948E /* WonderMPMoiveViewController.m */ = {isa = PBXFileReference; fileEncoding = 4; lastKnownFileType = sourcecode.c.objc; path = WonderMPMoiveViewController.m; sourceTree = "<group>"; };
		B517775E17B375A5006B948E /* MovieControlSource.h */ = {isa = PBXFileReference; lastKnownFileType = sourcecode.c.h; path = MovieControlSource.h; sourceTree = "<group>"; };
		B517775F17B3787C006B948E /* WonderMovieFullscreenControlView.h */ = {isa = PBXFileReference; fileEncoding = 4; lastKnownFileType = sourcecode.c.h; path = WonderMovieFullscreenControlView.h; sourceTree = "<group>"; };
		B517776017B3787C006B948E /* WonderMovieFullscreenControlView.m */ = {isa = PBXFileReference; fileEncoding = 4; lastKnownFileType = sourcecode.c.objc; path = WonderMovieFullscreenControlView.m; sourceTree = "<group>"; };
		B517776517B37F43006B948E /* WonderMovieProgressView.h */ = {isa = PBXFileReference; fileEncoding = 4; lastKnownFileType = sourcecode.c.h; path = WonderMovieProgressView.h; sourceTree = "<group>"; };
		B517776617B37F44006B948E /* WonderMovieProgressView.m */ = {isa = PBXFileReference; fileEncoding = 4; lastKnownFileType = sourcecode.c.objc; path = WonderMovieProgressView.m; sourceTree = "<group>"; };
		B517776817B37FEB006B948E /* UIView+Sizes.h */ = {isa = PBXFileReference; fileEncoding = 4; lastKnownFileType = sourcecode.c.h; path = "UIView+Sizes.h"; sourceTree = "<group>"; };
		B517776917B37FEB006B948E /* UIView+Sizes.m */ = {isa = PBXFileReference; fileEncoding = 4; lastKnownFileType = sourcecode.c.objc; path = "UIView+Sizes.m"; sourceTree = "<group>"; };
		B517776B17B3939B006B948E /* MoviePlayerUserPrefs.h */ = {isa = PBXFileReference; fileEncoding = 4; lastKnownFileType = sourcecode.c.h; path = MoviePlayerUserPrefs.h; sourceTree = "<group>"; };
		B517776C17B3939B006B948E /* MoviePlayerUserPrefs.m */ = {isa = PBXFileReference; fileEncoding = 4; lastKnownFileType = sourcecode.c.objc; path = MoviePlayerUserPrefs.m; sourceTree = "<group>"; };
		B517777017B3960E006B948E /* Movie.m4v */ = {isa = PBXFileReference; lastKnownFileType = file; path = Movie.m4v; sourceTree = "<group>"; };
		B517777217B3961C006B948E /* Settings.bundle */ = {isa = PBXFileReference; lastKnownFileType = "wrapper.plug-in"; path = Settings.bundle; sourceTree = "<group>"; };
		B517777417B39C1F006B948E /* MediaPlayer.framework */ = {isa = PBXFileReference; lastKnownFileType = wrapper.framework; name = MediaPlayer.framework; path = System/Library/Frameworks/MediaPlayer.framework; sourceTree = SDKROOT; };
		B51778AC17B9DE2E006B948E /* TestWebViewController.h */ = {isa = PBXFileReference; fileEncoding = 4; lastKnownFileType = sourcecode.c.h; path = TestWebViewController.h; sourceTree = "<group>"; };
		B51778AD17B9DE2F006B948E /* TestWebViewController.m */ = {isa = PBXFileReference; fileEncoding = 4; lastKnownFileType = sourcecode.c.objc; path = TestWebViewController.m; sourceTree = "<group>"; };
		B51778AE17B9DE30006B948E /* TestWebViewController.xib */ = {isa = PBXFileReference; fileEncoding = 4; lastKnownFileType = file.xib; path = TestWebViewController.xib; sourceTree = "<group>"; };
		B51778E017BA3880006B948E /* videoplayer_battery_bg@2x.png */ = {isa = PBXFileReference; lastKnownFileType = image.png; path = "videoplayer_battery_bg@2x.png"; sourceTree = "<group>"; };
		B51778E117BA3880006B948E /* videoplayer_battery_electricity@2x.png */ = {isa = PBXFileReference; lastKnownFileType = image.png; path = "videoplayer_battery_electricity@2x.png"; sourceTree = "<group>"; };
		B51778E217BA3880006B948E /* videoplayer_download@2x.png */ = {isa = PBXFileReference; lastKnownFileType = image.png; path = "videoplayer_download@2x.png"; sourceTree = "<group>"; };
		B51778E317BA3880006B948E /* videoplayer_download_bg@2x.png */ = {isa = PBXFileReference; lastKnownFileType = image.png; path = "videoplayer_download_bg@2x.png"; sourceTree = "<group>"; };
		B51778E417BA3880006B948E /* videoplayer_download_fg@2x.png */ = {isa = PBXFileReference; lastKnownFileType = image.png; path = "videoplayer_download_fg@2x.png"; sourceTree = "<group>"; };
		B51778E517BA3880006B948E /* videoplayer_downloaded@2x.png */ = {isa = PBXFileReference; lastKnownFileType = image.png; path = "videoplayer_downloaded@2x.png"; sourceTree = "<group>"; };
		B51778E617BA3880006B948E /* videoplayer_headerbar@2x.png */ = {isa = PBXFileReference; lastKnownFileType = image.png; path = "videoplayer_headerbar@2x.png"; sourceTree = "<group>"; };
		B51778E717BA3880006B948E /* videoplayer_headerbar_separator@2x.png */ = {isa = PBXFileReference; lastKnownFileType = image.png; path = "videoplayer_headerbar_separator@2x.png"; sourceTree = "<group>"; };
		B51778E817BA3880006B948E /* videoplayer_loading@2x.png */ = {isa = PBXFileReference; lastKnownFileType = image.png; path = "videoplayer_loading@2x.png"; sourceTree = "<group>"; };
		B51778E917BA3880006B948E /* videoplayer_loading_bg@2x.png */ = {isa = PBXFileReference; lastKnownFileType = image.png; path = "videoplayer_loading_bg@2x.png"; sourceTree = "<group>"; };
		B51778EA17BA3880006B948E /* videoplayer_locked@2x.png */ = {isa = PBXFileReference; lastKnownFileType = image.png; path = "videoplayer_locked@2x.png"; sourceTree = "<group>"; };
		B51778EB17BA3880006B948E /* videoplayer_next_normal@2x.png */ = {isa = PBXFileReference; lastKnownFileType = image.png; path = "videoplayer_next_normal@2x.png"; sourceTree = "<group>"; };
		B51778EC17BA3880006B948E /* videoplayer_pause_normal@2x.png */ = {isa = PBXFileReference; lastKnownFileType = image.png; path = "videoplayer_pause_normal@2x.png"; sourceTree = "<group>"; };
		B51778ED17BA3880006B948E /* videoplayer_pause_press@2x.png */ = {isa = PBXFileReference; lastKnownFileType = image.png; path = "videoplayer_pause_press@2x.png"; sourceTree = "<group>"; };
		B51778EE17BA3880006B948E /* videoplayer_play@2x.png */ = {isa = PBXFileReference; lastKnownFileType = image.png; path = "videoplayer_play@2x.png"; sourceTree = "<group>"; };
		B51778EF17BA3880006B948E /* videoplayer_play_normal@2x.png */ = {isa = PBXFileReference; lastKnownFileType = image.png; path = "videoplayer_play_normal@2x.png"; sourceTree = "<group>"; };
		B51778F017BA3880006B948E /* videoplayer_play_press@2x.png */ = {isa = PBXFileReference; lastKnownFileType = image.png; path = "videoplayer_play_press@2x.png"; sourceTree = "<group>"; };
		B51778F117BA3880006B948E /* videoplayer_progressbar_bottom@2x.png */ = {isa = PBXFileReference; lastKnownFileType = image.png; path = "videoplayer_progressbar_bottom@2x.png"; sourceTree = "<group>"; };
		B51778F217BA3880006B948E /* videoplayer_progressbar_cache@2x.png */ = {isa = PBXFileReference; lastKnownFileType = image.png; path = "videoplayer_progressbar_cache@2x.png"; sourceTree = "<group>"; };
		B51778F317BA3880006B948E /* videoplayer_progressbar_indicator_normal@2x.png */ = {isa = PBXFileReference; lastKnownFileType = image.png; path = "videoplayer_progressbar_indicator_normal@2x.png"; sourceTree = "<group>"; };
		B51778F417BA3880006B948E /* videoplayer_progressbar_indicator_press@2x.png */ = {isa = PBXFileReference; lastKnownFileType = image.png; path = "videoplayer_progressbar_indicator_press@2x.png"; sourceTree = "<group>"; };
		B51778F517BA3880006B948E /* videoplayer_progressbar_top@2x.png */ = {isa = PBXFileReference; lastKnownFileType = image.png; path = "videoplayer_progressbar_top@2x.png"; sourceTree = "<group>"; };
		B51778F617BA3880006B948E /* videoplayer_replay@2x.png */ = {isa = PBXFileReference; lastKnownFileType = image.png; path = "videoplayer_replay@2x.png"; sourceTree = "<group>"; };
		B51778F717BA3880006B948E /* videoplayer_return@2x.png */ = {isa = PBXFileReference; lastKnownFileType = image.png; path = "videoplayer_return@2x.png"; sourceTree = "<group>"; };
		B51778F817BA3880006B948E /* videoplayer_toolbar@2x.png */ = {isa = PBXFileReference; lastKnownFileType = image.png; path = "videoplayer_toolbar@2x.png"; sourceTree = "<group>"; };
		B51778F917BA3880006B948E /* videoplayer_unlock@2x.png */ = {isa = PBXFileReference; lastKnownFileType = image.png; path = "videoplayer_unlock@2x.png"; sourceTree = "<group>"; };
		B517791417BB1E7F006B948E /* BatteryIconView.h */ = {isa = PBXFileReference; fileEncoding = 4; lastKnownFileType = sourcecode.c.h; path = BatteryIconView.h; sourceTree = "<group>"; };
		B517791517BB1E7F006B948E /* BatteryIconView.m */ = {isa = PBXFileReference; fileEncoding = 4; lastKnownFileType = sourcecode.c.objc; path = BatteryIconView.m; sourceTree = "<group>"; };
		B517791717BB485B006B948E /* QuartzCore.framework */ = {isa = PBXFileReference; lastKnownFileType = wrapper.framework; name = QuartzCore.framework; path = System/Library/Frameworks/QuartzCore.framework; sourceTree = SDKROOT; };
		B517791917BE004C006B948E /* WonderAVMovieViewController.h */ = {isa = PBXFileReference; fileEncoding = 4; lastKnownFileType = sourcecode.c.h; path = WonderAVMovieViewController.h; sourceTree = "<group>"; };
		B517791A17BE004F006B948E /* WonderAVMovieViewController.m */ = {isa = PBXFileReference; fileEncoding = 4; lastKnownFileType = sourcecode.c.objc; path = WonderAVMovieViewController.m; sourceTree = "<group>"; };
		B517791C17BE0095006B948E /* WonderAVPlayerView.h */ = {isa = PBXFileReference; fileEncoding = 4; lastKnownFileType = sourcecode.c.h; path = WonderAVPlayerView.h; sourceTree = "<group>"; };
		B517791D17BE0096006B948E /* WonderAVPlayerView.m */ = {isa = PBXFileReference; fileEncoding = 4; lastKnownFileType = sourcecode.c.objc; path = WonderAVPlayerView.m; sourceTree = "<group>"; };
		B517791F17C1AF7E006B948E /* AVFoundation.framework */ = {isa = PBXFileReference; lastKnownFileType = wrapper.framework; name = AVFoundation.framework; path = System/Library/Frameworks/AVFoundation.framework; sourceTree = SDKROOT; };
		B517792117C1AFB5006B948E /* CoreMedia.framework */ = {isa = PBXFileReference; lastKnownFileType = wrapper.framework; name = CoreMedia.framework; path = System/Library/Frameworks/CoreMedia.framework; sourceTree = SDKROOT; };
		B517792317C1B892006B948E /* NSNotificationCenter+SwizzleMethod.h */ = {isa = PBXFileReference; fileEncoding = 4; lastKnownFileType = sourcecode.c.h; path = "NSNotificationCenter+SwizzleMethod.h"; sourceTree = "<group>"; };
		B517792417C1B894006B948E /* NSNotificationCenter+SwizzleMethod.m */ = {isa = PBXFileReference; fileEncoding = 4; lastKnownFileType = sourcecode.c.objc; path = "NSNotificationCenter+SwizzleMethod.m"; sourceTree = "<group>"; };
		B517792F17C20904006B948E /* videoplay.html */ = {isa = PBXFileReference; fileEncoding = 4; lastKnownFileType = text.html; path = videoplay.html; sourceTree = "<group>"; };
		B517795017C21ACC006B948E /* RegexKitLite.h */ = {isa = PBXFileReference; fileEncoding = 4; lastKnownFileType = sourcecode.c.h; path = RegexKitLite.h; sourceTree = "<group>"; };
		B517795117C21ACF006B948E /* RegexKitLite.m */ = {isa = PBXFileReference; fileEncoding = 4; lastKnownFileType = sourcecode.c.objc; path = RegexKitLite.m; sourceTree = "<group>"; };
		B517795317C21B58006B948E /* CoreFoundation.framework */ = {isa = PBXFileReference; lastKnownFileType = wrapper.framework; name = CoreFoundation.framework; path = System/Library/Frameworks/CoreFoundation.framework; sourceTree = SDKROOT; };
		B517795517C21BD6006B948E /* libicucore.dylib */ = {isa = PBXFileReference; lastKnownFileType = "compiled.mach-o.dylib"; name = libicucore.dylib; path = usr/lib/libicucore.dylib; sourceTree = SDKROOT; };
		B517795717C61383006B948E /* videoplayer_cross_screen@2x.png */ = {isa = PBXFileReference; lastKnownFileType = image.png; path = "videoplayer_cross_screen@2x.png"; sourceTree = "<group>"; };
/* End PBXFileReference section */

/* Begin PBXFrameworksBuildPhase section */
		B517773117B36D44006B948E /* Frameworks */ = {
			isa = PBXFrameworksBuildPhase;
			buildActionMask = 2147483647;
			files = (
				B517795617C21BD7006B948E /* libicucore.dylib in Frameworks */,
				B517795417C21B59006B948E /* CoreFoundation.framework in Frameworks */,
				B517792217C1AFB6006B948E /* CoreMedia.framework in Frameworks */,
				B517792017C1AF7F006B948E /* AVFoundation.framework in Frameworks */,
				B517791817BB485B006B948E /* QuartzCore.framework in Frameworks */,
				B517777517B39C1F006B948E /* MediaPlayer.framework in Frameworks */,
				B517773817B36D44006B948E /* UIKit.framework in Frameworks */,
				B517773A17B36D44006B948E /* Foundation.framework in Frameworks */,
				B517773C17B36D44006B948E /* CoreGraphics.framework in Frameworks */,
			);
			runOnlyForDeploymentPostprocessing = 0;
		};
/* End PBXFrameworksBuildPhase section */

/* Begin PBXGroup section */
		B517772B17B36D44006B948E = {
			isa = PBXGroup;
			children = (
				B517795517C21BD6006B948E /* libicucore.dylib */,
				B517795317C21B58006B948E /* CoreFoundation.framework */,
				B517792117C1AFB5006B948E /* CoreMedia.framework */,
				B517791F17C1AF7E006B948E /* AVFoundation.framework */,
				B517791717BB485B006B948E /* QuartzCore.framework */,
				B517777417B39C1F006B948E /* MediaPlayer.framework */,
				B517773D17B36D44006B948E /* WonderMoviePlayer */,
				B517773617B36D44006B948E /* Frameworks */,
				B517773517B36D44006B948E /* Products */,
			);
			sourceTree = "<group>";
		};
		B517773517B36D44006B948E /* Products */ = {
			isa = PBXGroup;
			children = (
				B517773417B36D44006B948E /* WonderMoviePlayer.app */,
			);
			name = Products;
			sourceTree = "<group>";
		};
		B517773617B36D44006B948E /* Frameworks */ = {
			isa = PBXGroup;
			children = (
				B517773717B36D44006B948E /* UIKit.framework */,
				B517773917B36D44006B948E /* Foundation.framework */,
				B517773B17B36D44006B948E /* CoreGraphics.framework */,
			);
			name = Frameworks;
			sourceTree = "<group>";
		};
		B517773D17B36D44006B948E /* WonderMoviePlayer */ = {
			isa = PBXGroup;
			children = (
				B517795017C21ACC006B948E /* RegexKitLite.h */,
				B517795117C21ACF006B948E /* RegexKitLite.m */,
				B517775A17B36E04006B948E /* Source */,
				B517774617B36D44006B948E /* AppDelegate.h */,
				B517774717B36D44006B948E /* AppDelegate.m */,
				B517774F17B36D44006B948E /* ViewController.h */,
				B517775017B36D44006B948E /* ViewController.m */,
				B517775217B36D44006B948E /* ViewController.xib */,
				B517776817B37FEB006B948E /* UIView+Sizes.h */,
				B517776917B37FEB006B948E /* UIView+Sizes.m */,
				B517777017B3960E006B948E /* Movie.m4v */,
				B517777217B3961C006B948E /* Settings.bundle */,
				B517773E17B36D44006B948E /* Supporting Files */,
				B51778AC17B9DE2E006B948E /* TestWebViewController.h */,
				B51778AD17B9DE2F006B948E /* TestWebViewController.m */,
				B51778AE17B9DE30006B948E /* TestWebViewController.xib */,
				B517792317C1B892006B948E /* NSNotificationCenter+SwizzleMethod.h */,
				B517792417C1B894006B948E /* NSNotificationCenter+SwizzleMethod.m */,
			);
			path = WonderMoviePlayer;
			sourceTree = "<group>";
		};
		B517773E17B36D44006B948E /* Supporting Files */ = {
			isa = PBXGroup;
			children = (
				B51778DF17BA3880006B948E /* images */,
				B517773F17B36D44006B948E /* WonderMoviePlayer-Info.plist */,
				B517774017B36D44006B948E /* InfoPlist.strings */,
				B517774317B36D44006B948E /* main.m */,
				B517774517B36D44006B948E /* WonderMoviePlayer-Prefix.pch */,
				B517774917B36D44006B948E /* Default.png */,
				B517774B17B36D44006B948E /* Default@2x.png */,
				B517774D17B36D44006B948E /* Default-568h@2x.png */,
				B517792F17C20904006B948E /* videoplay.html */,
			);
			name = "Supporting Files";
			sourceTree = "<group>";
		};
		B517775A17B36E04006B948E /* Source */ = {
			isa = PBXGroup;
			children = (
				B517775B17B36E6B006B948E /* WonderMPMoiveViewController.h */,
				B517775C17B36E6B006B948E /* WonderMPMoiveViewController.m */,
				B517775E17B375A5006B948E /* MovieControlSource.h */,
				B517775F17B3787C006B948E /* WonderMovieFullscreenControlView.h */,
				B517776017B3787C006B948E /* WonderMovieFullscreenControlView.m */,
				B517776517B37F43006B948E /* WonderMovieProgressView.h */,
				B517776617B37F44006B948E /* WonderMovieProgressView.m */,
				B517776B17B3939B006B948E /* MoviePlayerUserPrefs.h */,
				B517776C17B3939B006B948E /* MoviePlayerUserPrefs.m */,
				B517791417BB1E7F006B948E /* BatteryIconView.h */,
				B517791517BB1E7F006B948E /* BatteryIconView.m */,
				B517791917BE004C006B948E /* WonderAVMovieViewController.h */,
				B517791A17BE004F006B948E /* WonderAVMovieViewController.m */,
				B517791C17BE0095006B948E /* WonderAVPlayerView.h */,
				B517791D17BE0096006B948E /* WonderAVPlayerView.m */,
				B504649717CAFCBE00202E5A /* WonderMovieInfoView.h */,
				B504649817CAFCBE00202E5A /* WonderMovieInfoView.m */,
			);
			path = Source;
			sourceTree = "<group>";
		};
		B51778DF17BA3880006B948E /* images */ = {
			isa = PBXGroup;
			children = (
				B517795717C61383006B948E /* videoplayer_cross_screen@2x.png */,
				B51778E017BA3880006B948E /* videoplayer_battery_bg@2x.png */,
				B51778E117BA3880006B948E /* videoplayer_battery_electricity@2x.png */,
				B51778E217BA3880006B948E /* videoplayer_download@2x.png */,
				B51778E317BA3880006B948E /* videoplayer_download_bg@2x.png */,
				B51778E417BA3880006B948E /* videoplayer_download_fg@2x.png */,
				B51778E517BA3880006B948E /* videoplayer_downloaded@2x.png */,
				B51778E617BA3880006B948E /* videoplayer_headerbar@2x.png */,
				B51778E717BA3880006B948E /* videoplayer_headerbar_separator@2x.png */,
				B51778E817BA3880006B948E /* videoplayer_loading@2x.png */,
				B51778E917BA3880006B948E /* videoplayer_loading_bg@2x.png */,
				B51778EA17BA3880006B948E /* videoplayer_locked@2x.png */,
				B51778EB17BA3880006B948E /* videoplayer_next_normal@2x.png */,
				B51778EC17BA3880006B948E /* videoplayer_pause_normal@2x.png */,
				B51778ED17BA3880006B948E /* videoplayer_pause_press@2x.png */,
				B51778EE17BA3880006B948E /* videoplayer_play@2x.png */,
				B51778EF17BA3880006B948E /* videoplayer_play_normal@2x.png */,
				B51778F017BA3880006B948E /* videoplayer_play_press@2x.png */,
				B51778F117BA3880006B948E /* videoplayer_progressbar_bottom@2x.png */,
				B51778F217BA3880006B948E /* videoplayer_progressbar_cache@2x.png */,
				B51778F317BA3880006B948E /* videoplayer_progressbar_indicator_normal@2x.png */,
				B51778F417BA3880006B948E /* videoplayer_progressbar_indicator_press@2x.png */,
				B51778F517BA3880006B948E /* videoplayer_progressbar_top@2x.png */,
				B51778F617BA3880006B948E /* videoplayer_replay@2x.png */,
				B51778F717BA3880006B948E /* videoplayer_return@2x.png */,
				B51778F817BA3880006B948E /* videoplayer_toolbar@2x.png */,
				B51778F917BA3880006B948E /* videoplayer_unlock@2x.png */,
			);
			path = images;
			sourceTree = "<group>";
		};
/* End PBXGroup section */

/* Begin PBXNativeTarget section */
		B517773317B36D44006B948E /* WonderMoviePlayer */ = {
			isa = PBXNativeTarget;
			buildConfigurationList = B517775717B36D44006B948E /* Build configuration list for PBXNativeTarget "WonderMoviePlayer" */;
			buildPhases = (
				B517773017B36D44006B948E /* Sources */,
				B517773117B36D44006B948E /* Frameworks */,
				B517773217B36D44006B948E /* Resources */,
			);
			buildRules = (
			);
			dependencies = (
			);
			name = WonderMoviePlayer;
			productName = WonderMoviePlayer;
			productReference = B517773417B36D44006B948E /* WonderMoviePlayer.app */;
			productType = "com.apple.product-type.application";
		};
/* End PBXNativeTarget section */

/* Begin PBXProject section */
		B517772C17B36D44006B948E /* Project object */ = {
			isa = PBXProject;
			attributes = {
				LastUpgradeCheck = 0460;
				ORGANIZATIONNAME = Tencent;
			};
			buildConfigurationList = B517772F17B36D44006B948E /* Build configuration list for PBXProject "WonderMoviePlayer" */;
			compatibilityVersion = "Xcode 3.2";
			developmentRegion = English;
			hasScannedForEncodings = 0;
			knownRegions = (
				en,
			);
			mainGroup = B517772B17B36D44006B948E;
			productRefGroup = B517773517B36D44006B948E /* Products */;
			projectDirPath = "";
			projectRoot = "";
			targets = (
				B517773317B36D44006B948E /* WonderMoviePlayer */,
			);
		};
/* End PBXProject section */

/* Begin PBXResourcesBuildPhase section */
		B517773217B36D44006B948E /* Resources */ = {
			isa = PBXResourcesBuildPhase;
			buildActionMask = 2147483647;
			files = (
				B517774217B36D44006B948E /* InfoPlist.strings in Resources */,
				B517774A17B36D44006B948E /* Default.png in Resources */,
				B517774C17B36D44006B948E /* Default@2x.png in Resources */,
				B517774E17B36D44006B948E /* Default-568h@2x.png in Resources */,
				B517775417B36D44006B948E /* ViewController.xib in Resources */,
				B517777117B3960E006B948E /* Movie.m4v in Resources */,
				B517777317B3961C006B948E /* Settings.bundle in Resources */,
				B51778B017B9DE32006B948E /* TestWebViewController.xib in Resources */,
				B51778FA17BA3880006B948E /* videoplayer_battery_bg@2x.png in Resources */,
				B51778FB17BA3880006B948E /* videoplayer_battery_electricity@2x.png in Resources */,
				B51778FC17BA3880006B948E /* videoplayer_download@2x.png in Resources */,
				B51778FD17BA3880006B948E /* videoplayer_download_bg@2x.png in Resources */,
				B51778FE17BA3880006B948E /* videoplayer_download_fg@2x.png in Resources */,
				B51778FF17BA3880006B948E /* videoplayer_downloaded@2x.png in Resources */,
				B517790017BA3880006B948E /* videoplayer_headerbar@2x.png in Resources */,
				B517790117BA3880006B948E /* videoplayer_headerbar_separator@2x.png in Resources */,
				B517790217BA3880006B948E /* videoplayer_loading@2x.png in Resources */,
				B517790317BA3880006B948E /* videoplayer_loading_bg@2x.png in Resources */,
				B517790417BA3880006B948E /* videoplayer_locked@2x.png in Resources */,
				B517790517BA3880006B948E /* videoplayer_next_normal@2x.png in Resources */,
				B517790617BA3880006B948E /* videoplayer_pause_normal@2x.png in Resources */,
				B517790717BA3880006B948E /* videoplayer_pause_press@2x.png in Resources */,
				B517790817BA3880006B948E /* videoplayer_play@2x.png in Resources */,
				B517790917BA3880006B948E /* videoplayer_play_normal@2x.png in Resources */,
				B517790A17BA3880006B948E /* videoplayer_play_press@2x.png in Resources */,
				B517790B17BA3880006B948E /* videoplayer_progressbar_bottom@2x.png in Resources */,
				B517790C17BA3880006B948E /* videoplayer_progressbar_cache@2x.png in Resources */,
				B517790D17BA3880006B948E /* videoplayer_progressbar_indicator_normal@2x.png in Resources */,
				B517790E17BA3880006B948E /* videoplayer_progressbar_indicator_press@2x.png in Resources */,
				B517790F17BA3880006B948E /* videoplayer_progressbar_top@2x.png in Resources */,
				B517791017BA3880006B948E /* videoplayer_replay@2x.png in Resources */,
				B517791117BA3880006B948E /* videoplayer_return@2x.png in Resources */,
				B517791217BA3880006B948E /* videoplayer_toolbar@2x.png in Resources */,
				B517791317BA3880006B948E /* videoplayer_unlock@2x.png in Resources */,
				B517793017C20905006B948E /* videoplay.html in Resources */,
				B517795817C61383006B948E /* videoplayer_cross_screen@2x.png in Resources */,
			);
			runOnlyForDeploymentPostprocessing = 0;
		};
/* End PBXResourcesBuildPhase section */

/* Begin PBXSourcesBuildPhase section */
		B517773017B36D44006B948E /* Sources */ = {
			isa = PBXSourcesBuildPhase;
			buildActionMask = 2147483647;
			files = (
				B517774417B36D44006B948E /* main.m in Sources */,
				B517774817B36D44006B948E /* AppDelegate.m in Sources */,
				B517775117B36D44006B948E /* ViewController.m in Sources */,
				B517775D17B36E6B006B948E /* WonderMPMoiveViewController.m in Sources */,
				B517776117B3787D006B948E /* WonderMovieFullscreenControlView.m in Sources */,
				B517776717B37F44006B948E /* WonderMovieProgressView.m in Sources */,
				B517776A17B37FEB006B948E /* UIView+Sizes.m in Sources */,
				B517776D17B3939C006B948E /* MoviePlayerUserPrefs.m in Sources */,
				B51778AF17B9DE32006B948E /* TestWebViewController.m in Sources */,
				B517791617BB1E81006B948E /* BatteryIconView.m in Sources */,
				B517791B17BE0059006B948E /* WonderAVMovieViewController.m in Sources */,
				B517791E17BE0098006B948E /* WonderAVPlayerView.m in Sources */,
				B517792517C1B896006B948E /* NSNotificationCenter+SwizzleMethod.m in Sources */,
				B517795217C21AD1006B948E /* RegexKitLite.m in Sources */,
				B504649917CAFCBE00202E5A /* WonderMovieInfoView.m in Sources */,
			);
			runOnlyForDeploymentPostprocessing = 0;
		};
/* End PBXSourcesBuildPhase section */

/* Begin PBXVariantGroup section */
		B517774017B36D44006B948E /* InfoPlist.strings */ = {
			isa = PBXVariantGroup;
			children = (
				B517774117B36D44006B948E /* en */,
			);
			name = InfoPlist.strings;
			sourceTree = "<group>";
		};
		B517775217B36D44006B948E /* ViewController.xib */ = {
			isa = PBXVariantGroup;
			children = (
				B517775317B36D44006B948E /* en */,
			);
			name = ViewController.xib;
			sourceTree = "<group>";
		};
/* End PBXVariantGroup section */

/* Begin XCBuildConfiguration section */
		B517775517B36D44006B948E /* Debug */ = {
			isa = XCBuildConfiguration;
			buildSettings = {
				ALWAYS_SEARCH_USER_PATHS = NO;
				CLANG_CXX_LANGUAGE_STANDARD = "gnu++0x";
				CLANG_CXX_LIBRARY = "libc++";
				CLANG_WARN_CONSTANT_CONVERSION = YES;
				CLANG_WARN_EMPTY_BODY = YES;
				CLANG_WARN_ENUM_CONVERSION = YES;
				CLANG_WARN_INT_CONVERSION = YES;
				CLANG_WARN__DUPLICATE_METHOD_MATCH = YES;
				"CODE_SIGN_IDENTITY[sdk=iphoneos*]" = "iPhone Developer";
				COPY_PHASE_STRIP = NO;
				GCC_C_LANGUAGE_STANDARD = gnu99;
				GCC_DYNAMIC_NO_PIC = NO;
				GCC_OPTIMIZATION_LEVEL = 0;
				GCC_PREPROCESSOR_DEFINITIONS = (
					"DEBUG=1",
					"$(inherited)",
				);
				GCC_SYMBOLS_PRIVATE_EXTERN = NO;
				GCC_WARN_ABOUT_RETURN_TYPE = YES;
				GCC_WARN_UNINITIALIZED_AUTOS = YES;
				GCC_WARN_UNUSED_VARIABLE = YES;
				IPHONEOS_DEPLOYMENT_TARGET = 6.1;
				ONLY_ACTIVE_ARCH = YES;
				SDKROOT = iphoneos;
			};
			name = Debug;
		};
		B517775617B36D44006B948E /* Release */ = {
			isa = XCBuildConfiguration;
			buildSettings = {
				ALWAYS_SEARCH_USER_PATHS = NO;
				CLANG_CXX_LANGUAGE_STANDARD = "gnu++0x";
				CLANG_CXX_LIBRARY = "libc++";
				CLANG_WARN_CONSTANT_CONVERSION = YES;
				CLANG_WARN_EMPTY_BODY = YES;
				CLANG_WARN_ENUM_CONVERSION = YES;
				CLANG_WARN_INT_CONVERSION = YES;
				CLANG_WARN__DUPLICATE_METHOD_MATCH = YES;
				"CODE_SIGN_IDENTITY[sdk=iphoneos*]" = "iPhone Developer";
				COPY_PHASE_STRIP = YES;
				GCC_C_LANGUAGE_STANDARD = gnu99;
				GCC_WARN_ABOUT_RETURN_TYPE = YES;
				GCC_WARN_UNINITIALIZED_AUTOS = YES;
				GCC_WARN_UNUSED_VARIABLE = YES;
				IPHONEOS_DEPLOYMENT_TARGET = 6.1;
				OTHER_CFLAGS = "-DNS_BLOCK_ASSERTIONS=1";
				SDKROOT = iphoneos;
				VALIDATE_PRODUCT = YES;
			};
			name = Release;
		};
		B517775817B36D44006B948E /* Debug */ = {
			isa = XCBuildConfiguration;
			buildSettings = {
				GCC_PRECOMPILE_PREFIX_HEADER = YES;
				GCC_PREFIX_HEADER = "WonderMoviePlayer/WonderMoviePlayer-Prefix.pch";
				INFOPLIST_FILE = "WonderMoviePlayer/WonderMoviePlayer-Info.plist";
				IPHONEOS_DEPLOYMENT_TARGET = 5.0;
				PRODUCT_NAME = "$(TARGET_NAME)";
				WRAPPER_EXTENSION = app;
			};
			name = Debug;
		};
		B517775917B36D44006B948E /* Release */ = {
			isa = XCBuildConfiguration;
			buildSettings = {
				GCC_PRECOMPILE_PREFIX_HEADER = YES;
				GCC_PREFIX_HEADER = "WonderMoviePlayer/WonderMoviePlayer-Prefix.pch";
				INFOPLIST_FILE = "WonderMoviePlayer/WonderMoviePlayer-Info.plist";
				IPHONEOS_DEPLOYMENT_TARGET = 5.0;
				PRODUCT_NAME = "$(TARGET_NAME)";
				WRAPPER_EXTENSION = app;
			};
			name = Release;
		};
/* End XCBuildConfiguration section */

/* Begin XCConfigurationList section */
		B517772F17B36D44006B948E /* Build configuration list for PBXProject "WonderMoviePlayer" */ = {
			isa = XCConfigurationList;
			buildConfigurations = (
				B517775517B36D44006B948E /* Debug */,
				B517775617B36D44006B948E /* Release */,
			);
			defaultConfigurationIsVisible = 0;
			defaultConfigurationName = Release;
		};
		B517775717B36D44006B948E /* Build configuration list for PBXNativeTarget "WonderMoviePlayer" */ = {
			isa = XCConfigurationList;
			buildConfigurations = (
				B517775817B36D44006B948E /* Debug */,
				B517775917B36D44006B948E /* Release */,
			);
			defaultConfigurationIsVisible = 0;
			defaultConfigurationName = Release;
		};
/* End XCConfigurationList section */
	};
	rootObject = B517772C17B36D44006B948E /* Project object */;
}
